#MicroXplorer Configuration settings - do not modify
Dma.UART4_RX.2.SyncPolarity=HAL_DMAMUX_SYNC_NO_EVENT
RCC.DFSDMCLockSelection=RCC_DFSDM1CLKSOURCE_D2PCLK1
Dma.USART3_RX.0.Polarity=HAL_DMAMUX_REQ_GEN_RISING
VP_TIM5_VS_ClockSourceINT.Mode=Internal
PA15\ (JTDI).GPIOParameters=PinAttribute
SPI3.Direction=SPI_DIRECTION_2LINES
SPI3.VirtualType=VM_MASTER
PE11.GPIOParameters=GPIO_Label
Dma.MEMTOMEM.4.MemBurst=DMA_MBURST_SINGLE
VP_TIM5_VS_ClockSourceINT.Signal=TIM5_VS_ClockSourceINT
Dma.MEMTOMEM.6.FIFOMode=DMA_FIFOMODE_ENABLE
PC12.Locked=true
TIM1.IPParameters=Channel-PWM Generation2 CH2,Prescaler,Period,Pulse-PWM Generation2 CH2
RCC.PLL2_VCI_Range-AdvancedSettings=RCC_PLL2VCIRANGE_2
SH.GPXTI14.0=GPIO_EXTI14
NVIC.DMA1_Stream2_IRQn=true\:0\:0\:false\:false\:true\:false\:true
PC12.Signal=SPI3_MOSI
PB14.GPIO_Label=LD3 [Red Led]
Dma.MEMTOMEM.6.SyncPolarity=HAL_DMAMUX_SYNC_NO_EVENT
Dma.MEMTOMEM.7.SyncPolarity=HAL_DMAMUX_SYNC_NO_EVENT
RCC.PLLFRACN=0
Dma.USART3_TX.1.PeriphDataAlignment=DMA_PDATAALIGN_BYTE
RCC.RTCFreq_Value=32000
RCC.PLLDSIFreq_Value=500000000
PA6.GPIO_Label=STEP_3
PB6.GPIO_Label=LM4
PA15\ (JTDI).Signal=UART4_DE
PD0.Locked=true
RCC.CpuClockFreq_Value=480000000
Dma.USART3_TX.1.Instance=DMA1_Stream2
PG14.GPIOParameters=GPIO_Label
Dma.MEMTOMEM.6.Priority=DMA_PRIORITY_LOW
Dma.USART3_TX.1.RequestNumber=1
PinOutPanel.RotationAngle=0
PE6.GPIO_Label=STEP_5
RCC.MCO1PinFreq_Value=64000000
RCC.SYSCLKSource=RCC_SYSCLKSOURCE_PLLCLK
RCC.AHB4Freq_Value=240000000
SH.GPXTI13.0=GPIO_EXTI13
RCC.SPI123CLockSelection=RCC_SPI123CLKSOURCE_PLL
USART3.VirtualMode-Asynchronous=VM_ASYNC
RCC.LPTIM1Freq_Value=120000000
SH.GPXTI7.ConfNb=1
NVIC.SVCall_IRQn=true\:0\:0\:false\:false\:true\:false\:false
PA15\ (JTDI).Mode=Hardware Flow Control (RS485)
RCC.I2C4CLockSelection=RCC_I2C4CLKSOURCE_D3PCLK1
NVIC.TIM5_IRQn=true\:0\:0\:false\:false\:true\:true\:true
RCC.RCC_MCO2Source=RCC_MCO2SOURCE_SYSCLK
TIM2.Pulse-PWM\ Generation3\ CH3=313
Dma.MEMTOMEM.4.PeriphInc=DMA_PINC_ENABLE
RCC.ADCCLockSelection=RCC_ADCCLKSOURCE_PLL2
RCC.I2C4Freq_Value=120000000
Dma.UART4_RX.2.SyncEnable=DISABLE
Dma.MEMTOMEM.4.PeriphDataAlignment=DMA_PDATAALIGN_BYTE
TIM2.IPParameters=Prescaler,Period,Channel-PWM Generation3 CH3,Pulse-PWM Generation3 CH3
Dma.MEMTOMEM.4.EventEnable=DISABLE
Dma.MEMTOMEM.5.Instance=DMA2_Stream2
PB6.Signal=GPXTI6
Dma.MEMTOMEM.5.EventEnable=DISABLE
Dma.MEMTOMEM.6.EventEnable=DISABLE
Dma.MEMTOMEM.6.SignalID=NONE
RCC.DIVQ3Freq_Value=160000000
PD0.Signal=UART4_RX
Dma.MEMTOMEM.8.EventEnable=DISABLE
PD8.Signal=USART3_TX
VP_TIM2_VS_ClockSourceINT.Signal=TIM2_VS_ClockSourceINT
PE10.Locked=true
Dma.MEMTOMEM.7.EventEnable=DISABLE
PE1.Signal=GPIO_Output
Dma.MEMTOMEM.6.MemInc=DMA_MINC_ENABLE
PE14.Locked=true
NVIC.EXTI15_10_IRQn=true\:3\:0\:true\:false\:true\:true\:true
ProjectManager.ProjectBuild=false
TIM4.Channel-PWM\ Generation3\ CH3=TIM_CHANNEL_3
NVIC.UsageFault_IRQn=true\:0\:0\:false\:false\:true\:false\:false
Dma.MEMTOMEM.4.FIFOThreshold=DMA_FIFO_THRESHOLD_FULL
RCC.I2C123CLockSelection=RCC_I2C123CLKSOURCE_D2PCLK1
RCC.DIVM3=4
Dma.USART3_TX.1.SignalID=NONE
RCC.DIVM2=4
RCC.DIVM1=4
SH.GPXTI12.0=GPIO_EXTI12
SH.GPXTI7.0=GPIO_EXTI7
TIM12.Period=500-1
TIM15.Period=625-1
ProjectManager.FirmwarePackage=STM32Cube FW_H7 V1.9.0
MxDb.Version=DB.6.0.21
PB0.GPIOParameters=GPIO_Label
PE15.Locked=true
ProjectManager.BackupPrevious=false
RCC.FMCFreq_Value=240000000
Dma.MEMTOMEM.6.PeriphInc=DMA_PINC_ENABLE
RCC.SAI1CLockSelection=RCC_SAI1CLKSOURCE_PLL
TIM15.Channel-PWM\ Generation2\ CH2=TIM_CHANNEL_2
RCC.LPTIM345CLockSelection=RCC_LPTIM345CLKSOURCE_D3PCLK1
RCC.SPDIFCLockSelection=RCC_SPDIFRXCLKSOURCE_PLL
RCC.USART16Freq_Value=120000000
Dma.MEMTOMEM.8.MemBurst=DMA_MBURST_SINGLE
Dma.MEMTOMEM.8.MemDataAlignment=DMA_MDATAALIGN_BYTE
PE1.Locked=true
PB6.Locked=true
NVIC.PendSV_IRQn=true\:0\:0\:false\:false\:true\:false\:false
RCC.PLL2_VCO_SEL-AdvancedSettings=RCC_PLL2VCOMEDIUM
RCC.DSI_PHY_VALUE=12288000
TIM4.Period=625-1
Dma.UART4_RX.2.Direction=DMA_PERIPH_TO_MEMORY
Dma.MEMTOMEM.7.SyncRequestNumber=1
RCC.DIVR2Freq_Value=480000000
PE10.Signal=GPXTI10
VP_TIM15_VS_ClockSourceINT.Signal=TIM15_VS_ClockSourceINT
RCC.CKPERSourceSelection=RCC_CLKPSOURCE_HSI
Dma.MEMTOMEM.5.SyncPolarity=HAL_DMAMUX_SYNC_NO_EVENT
RCC.SAI23CLockSelection=RCC_SAI23CLKSOURCE_PLL
ProjectManager.HalAssertFull=false
VP_TIM1_VS_ClockSourceINT.Mode=Internal
RCC.DIVP2Freq_Value=160000000
Dma.USART3_TX.1.FIFOMode=DMA_FIFOMODE_DISABLE
Dma.MEMTOMEM.8.SyncRequestNumber=1
Dma.USART3_TX.1.Priority=DMA_PRIORITY_MEDIUM
RCC.MCO2PinFreq_Value=480000000
Dma.MEMTOMEM.7.MemInc=DMA_MINC_ENABLE
Mcu.Package=LQFP144
PB9.Signal=GPIO_Output
TIM2.Prescaler=240-1
Dma.MEMTOMEM.5.Priority=DMA_PRIORITY_LOW
SPI3.Mode=SPI_MODE_MASTER
PE10.GPIOParameters=GPIO_Label
Dma.MEMTOMEM.5.RequestParameters=Instance,Direction,PeriphInc,MemInc,PeriphDataAlignment,MemDataAlignment,Mode,Priority,FIFOMode,FIFOThreshold,MemBurst,PeriphBurst,SignalID,Polarity,RequestNumber,SyncSignalID,SyncPolarity,SyncEnable,EventEnable,SyncRequestNumber
VP_SYS_VS_Systick.Signal=SYS_VS_Systick
USART3.IPParameters=VirtualMode-Asynchronous
PE12.GPIO_Label=LM1
Dma.USART3_RX.0.SyncPolarity=HAL_DMAMUX_SYNC_NO_EVENT
RCC.DFSDMFreq_Value=120000000
PC11.Mode=Full_Duplex_Master
Dma.MEMTOMEM.4.SyncEnable=DISABLE
PB14.GPIOParameters=GPIO_Label
Dma.UART4_TX.3.PeriphDataAlignment=DMA_PDATAALIGN_BYTE
SH.GPXTI14.ConfNb=1
PC14-OSC32_IN\ (OSC32_IN).Mode=LSE-External-Oscillator
RCC.TraceFreq_Value=64000000
RCC.APB4Freq_Value=120000000
RCC.CECFreq_Value=32000
RCC.SAI23Freq_Value=160000000
RCC.FDCANCLockSelection=RCC_FDCANCLKSOURCE_PLL
NVIC.BusFault_IRQn=true\:0\:0\:false\:false\:true\:false\:false
RCC.LPUART1Freq_Value=120000000
TIM1.Period=625-1
PB10.GPIOParameters=GPIO_Label
PE6.Locked=true
Dma.USART3_TX.1.PeriphInc=DMA_PINC_DISABLE
Dma.MEMTOMEM.4.SyncRequestNumber=1
PE10.GPIO_Label=LM2
NVIC.TIM15_IRQn=true\:0\:0\:false\:false\:true\:true\:true
Dma.MEMTOMEM.5.SignalID=NONE
RCC.DSIPHYCLKFreq_Value=96000000
PH0-OSC_IN\ (PH0).Mode=HSE-External-Oscillator
ProjectManager.CustomerFirmwarePackage=
Dma.MEMTOMEM.8.PeriphDataAlignment=DMA_PDATAALIGN_BYTE
RCC.PLLDSIDev=2
RCC.VCO3OutputFreq_Value=960000000
NVIC.UART4_IRQn=true\:0\:0\:false\:false\:true\:true\:true
PA6.GPIOParameters=GPIO_Label
SH.GPXTI10.0=GPIO_EXTI10
Dma.USART3_RX.0.Instance=DMA1_Stream1
Dma.USART3_TX.1.MemDataAlignment=DMA_MDATAALIGN_BYTE
TIM4.Pulse-PWM\ Generation3\ CH3=313
ProjectManager.ProjectFileName=STM32H743ZI2_Module8-9.ioc
RCC.DIVQ3=6
RCC.DIVQ2=6
RCC.DIVQ1=6
TIM5.IPParameters=Prescaler,Period
Mcu.PinsNb=41
RCC.DSICLockSelection=RCC_DSICLKSOURCE_PHY
Dma.USART3_TX.1.SyncSignalID=NONE
RCC.SWPMI1Freq_Value=120000000
Dma.UART4_TX.3.SyncSignalID=NONE
RCC.DIVP3=6
Dma.MEMTOMEM.5.PeriphDataAlignment=DMA_PDATAALIGN_BYTE
PB11.GPIO_Label=DIR_2
PD1.Signal=UART4_TX
Dma.MEMTOMEM.8.Polarity=HAL_DMAMUX_REQ_GEN_RISING
RCC.DIVP2=6
Dma.MEMTOMEM.8.Mode=DMA_NORMAL
NVIC.DMA2_Stream1_IRQn=true\:0\:0\:false\:false\:true\:false\:true
PB14.Locked=true
Dma.MEMTOMEM.7.FIFOMode=DMA_FIFOMODE_ENABLE
RCC.QSPIFreq_Value=240000000
Dma.MEMTOMEM.8.PeriphInc=DMA_PINC_ENABLE
PG14.Locked=true
Dma.UART4_RX.2.PeriphInc=DMA_PINC_DISABLE
Dma.MEMTOMEM.5.FIFOMode=DMA_FIFOMODE_ENABLE
RCC.WatchDogFreq_Value=32000
PD10.Signal=GPIO_Output
RCC.D1CPREFreq_Value=480000000
SH.GPXTI6.ConfNb=1
PB8.GPIO_Label=STEP_4
Dma.MEMTOMEM.4.SyncSignalID=NONE
RCC.USART234578Freq_Value=120000000
Dma.MEMTOMEM.8.RequestNumber=1
RCC.Tim1OutputFreq_Value=240000000
TIM3.Pulse-PWM\ Generation1\ CH1=313
Dma.MEMTOMEM.7.PeriphInc=DMA_PINC_ENABLE
RCC.SPI123Freq_Value=160000000
PC15-OSC32_OUT\ (OSC32_OUT).Locked=true
TIM4.IPParameters=AutoReloadPreload,Prescaler,Period,Channel-PWM Generation3 CH3,Pulse-PWM Generation3 CH3
Dma.MEMTOMEM.4.RequestParameters=Instance,Direction,PeriphInc,MemInc,PeriphDataAlignment,MemDataAlignment,Mode,Priority,FIFOMode,FIFOThreshold,MemBurst,PeriphBurst,SignalID,Polarity,RequestNumber,SyncSignalID,SyncPolarity,SyncEnable,EventEnable,SyncRequestNumber
RCC.PLLDSIVCOFreq_Value=500000000
RCC.DIVN3=60
VP_TIM1_VS_ClockSourceINT.Signal=TIM1_VS_ClockSourceINT
Dma.USART3_RX.0.EventEnable=DISABLE
RCC.CECCLockSelection=RCC_CECCLKSOURCE_LSI
RCC.DIVN2=60
TIM1.Channel-PWM\ Generation2\ CH2=TIM_CHANNEL_2
RCC.DIVN1=60
Dma.MEMTOMEM.5.Polarity=HAL_DMAMUX_REQ_GEN_RISING
PB9.Locked=true
PB5.Locked=true
PB11.GPIOParameters=GPIO_Label
Dma.USART3_RX.0.SyncEnable=DISABLE
PD8.Mode=Asynchronous
PB10.Signal=S_TIM2_CH3
TIM12.Prescaler=240-1
PB14.Signal=GPIO_Output
Dma.MEMTOMEM.4.MemDataAlignment=DMA_MDATAALIGN_BYTE
Dma.MEMTOMEM.5.SyncRequestNumber=1
RCC.USBCLockSelection=RCC_USBCLKSOURCE_PLL
Mcu.Pin40=VP_TIM15_VS_ClockSourceINT
Dma.MEMTOMEM.4.Mode=DMA_NORMAL
PE13.GPIOParameters=GPIO_Label
TIM15.Pulse-PWM\ Generation2\ CH2=313
PC12.Mode=Full_Duplex_Master
Dma.UART4_RX.2.Mode=DMA_NORMAL
PE1.GPIO_Label=LD2 [Yellow Led]
Dma.MEMTOMEM.6.SyncRequestNumber=1
ProjectManager.LastFirmware=true
SH.S_TIM15_CH2.ConfNb=1
PD1.Mode=Asynchronous
Dma.UART4_TX.3.SyncRequestNumber=1
RCC.AHB12Freq_Value=240000000
PE14.Signal=GPIO_Output
PE15.Signal=GPIO_Output
RCC.RNGCLockSelection=RCC_RNGCLKSOURCE_HSI48
Mcu.Pin37=VP_TIM4_VS_ClockSourceINT
Mcu.Pin38=VP_TIM5_VS_ClockSourceINT
Mcu.Pin35=VP_TIM2_VS_ClockSourceINT
Mcu.Pin36=VP_TIM3_VS_ClockSourceINT
Dma.UART4_TX.3.SyncPolarity=HAL_DMAMUX_SYNC_NO_EVENT
RCC.FMCCLockSelection=RCC_FMCCLKSOURCE_D1HCLK
Mcu.Pin39=VP_TIM12_VS_ClockSourceINT
VP_TIM12_VS_ClockSourceINT.Signal=TIM12_VS_ClockSourceINT
RCC.RNGFreq_Value=48000000
Mcu.Pin30=PB8
Mcu.Pin33=VP_SYS_VS_Systick
TIM3.IPParameters=Channel-PWM Generation1 CH1,Prescaler,Period,Pulse-PWM Generation1 CH1
Mcu.Pin34=VP_TIM1_VS_ClockSourceINT
Mcu.Pin31=PB9
Mcu.Pin32=PE1
NVIC.NonMaskableInt_IRQn=true\:0\:0\:false\:false\:true\:false\:false
Dma.MEMTOMEM.4.SyncPolarity=HAL_DMAMUX_SYNC_NO_EVENT
SH.S_TIM2_CH3.ConfNb=1
Dma.MEMTOMEM.7.RequestNumber=1
TIM2.Period=625-1
PE1.PinAttribute=Free
PG14.GPIO_Label=LM5
ProjectManager.FreePins=false
PC9.GPIOParameters=GPIO_Label
RCC.LPTIM2Freq_Value=120000000
Mcu.Pin26=PG14
Mcu.Pin27=PB5
Mcu.Pin24=PD0
ProjectManager.UnderRoot=true
PE13.Locked=true
Mcu.Pin25=PD1
Mcu.Pin28=PB6
Mcu.Pin29=PB7
Mcu.Pin22=PC11
PB5.Signal=GPIO_Output
Mcu.Pin23=PC12
Mcu.Pin20=PA15 (JTDI)
RCC.Spi45ClockSelection=RCC_SPI45CLKSOURCE_D2PCLK1
PE13.GPIO_Label=LM6
Mcu.Pin21=PC10
PD10.Locked=true
NVIC.ForceEnableDMAVector=true
NVIC.MemoryManagement_IRQn=true\:0\:0\:false\:false\:true\:false\:false
ProjectManager.CompilerOptimize=6
Dma.MEMTOMEM.6.PeriphBurst=DMA_PBURST_SINGLE
Dma.USART3_TX.1.SyncPolarity=HAL_DMAMUX_SYNC_NO_EVENT
ProjectManager.HeapSize=0x200
Mcu.Pin15=PB14
NVIC.HardFault_IRQn=true\:0\:0\:false\:false\:true\:false\:false
Mcu.Pin16=PD8
Mcu.Pin13=PB10
Mcu.Pin14=PB11
Mcu.Pin19=PC9
SH.S_TIM3_CH1.ConfNb=1
RCC.LPTIM345Freq_Value=120000000
ProjectManager.ComputerToolchain=false
Mcu.Pin17=PD9
Mcu.Pin18=PD10
VP_TIM4_VS_ClockSourceINT.Mode=Internal
RCC.LTDCFreq_Value=480000000
NVIC.PriorityGroup=NVIC_PRIORITYGROUP_4
RCC.USART234578CLockSelection=RCC_USART234578CLKSOURCE_D2PCLK1
Mcu.Pin11=PE14
PD0.GPIOParameters=PinAttribute
Mcu.Pin12=PE15
Dma.UART4_TX.3.RequestNumber=1
Dma.MEMTOMEM.6.Mode=DMA_NORMAL
Dma.MEMTOMEM.4.RequestNumber=1
Mcu.Pin10=PE13
SH.GPXTI10.ConfNb=1
Dma.MEMTOMEM.5.SyncEnable=DISABLE
PE12.GPIOParameters=GPIO_Label
Dma.USART3_TX.1.SyncRequestNumber=1
RCC.HCLK3ClockFreq_Value=240000000
PD1.Locked=true
PB0.Signal=GPIO_Output
Dma.MEMTOMEM.6.MemBurst=DMA_MBURST_SINGLE
TIM12.IPParameters=Prescaler,Period
Dma.MEMTOMEM.8.MemInc=DMA_MINC_ENABLE
Dma.MEMTOMEM.5.RequestNumber=1
Mcu.Family=STM32H7
NVIC.USART3_IRQn=true\:0\:0\:false\:false\:true\:true\:true
Dma.MEMTOMEM.6.RequestNumber=1
Dma.UART4_TX.3.FIFOMode=DMA_FIFOMODE_DISABLE
Dma.MEMTOMEM.6.PeriphDataAlignment=DMA_PDATAALIGN_BYTE
RCC.DIVQ2Freq_Value=160000000
ProjectManager.MainLocation=Core/Src
Dma.MEMTOMEM.8.FIFOThreshold=DMA_FIFO_THRESHOLD_FULL
Dma.USART3_RX.0.PeriphInc=DMA_PINC_DISABLE
RCC.SAI1Freq_Value=160000000
RCC.CortexFreq_Value=480000000
RCC.PLLDSIIDF=DSI_PLL_IN_DIV1
ProjectManager.KeepUserCode=true
Mcu.UserName=STM32H743ZITx
Dma.UART4_TX.3.SignalID=NONE
RCC.HPRE=RCC_HCLK_DIV2
Dma.MEMTOMEM.8.SyncEnable=DISABLE
PH0-OSC_IN\ (PH0).Signal=RCC_OSC_IN
PH0-OSC_IN\ (PH0).Locked=true
PE11.GPIO_Label=STEP_1
PC10.Locked=true
Dma.USART3_TX.1.MemInc=DMA_MINC_ENABLE
PC10.Signal=SPI3_SCK
PC15-OSC32_OUT\ (OSC32_OUT).Mode=LSE-External-Oscillator
ProjectManager.functionlistsort=1-MX_GPIO_Init-GPIO-false-HAL-true,2-MX_DMA_Init-DMA-false-HAL-true,3-SystemClock_Config-RCC-false-HAL-false,4-MX_USART3_UART_Init-USART3-false-HAL-true,5-MX_TIM2_Init-TIM2-false-HAL-true,6-MX_UART4_Init-UART4-false-HAL-true,7-MX_TIM4_Init-TIM4-false-HAL-true,8-MX_SPI3_Init-SPI3-false-HAL-true,9-MX_TIM1_Init-TIM1-false-HAL-true,10-MX_TIM3_Init-TIM3-false-HAL-true,11-MX_TIM5_Init-TIM5-false-HAL-true,12-MX_TIM15_Init-TIM15-false-HAL-true,0-MX_CORTEX_M7_Init-CORTEX_M7-false-HAL-true
PC9.Locked=true
PA15\ (JTDI).PinAttribute=Free
PB0.GPIO_Label=LD1 [Green Led]
RCC.PLL1_VCO_SEL-AdvancedSettings=RCC_PLL1VCOMEDIUM
RCC.RC48_VALUE=48000000
RCC.VCO2OutputFreq_Value=960000000
Dma.MEMTOMEM.8.PeriphBurst=DMA_PBURST_SINGLE
PB11.Signal=GPIO_Output
Dma.MEMTOMEM.8.SignalID=NONE
PD9.Mode=Asynchronous
Dma.UART4_TX.3.Priority=DMA_PRIORITY_LOW
ProjectManager.StackSize=0x400
PB5.GPIOParameters=GPIO_Label
RCC.DSIPHY_Div=8
SH.S_TIM15_CH2.0=TIM15_CH2,PWM Generation2 CH2
RCC.VCOInput3Freq_Value=16000000
Dma.USART3_TX.1.EventEnable=DISABLE
Mcu.IP4=SPI3
RCC.LPUART1CLockSelection=RCC_LPUART1CLKSOURCE_D3PCLK1
Mcu.IP5=SYS
Dma.UART4_TX.3.Direction=DMA_MEMORY_TO_PERIPH
Mcu.IP2=NVIC
Mcu.IP3=RCC
Mcu.IP0=CORTEX_M7
Mcu.IP1=DMA
Dma.MEMTOMEM.8.FIFOMode=DMA_FIFOMODE_ENABLE
TIM1.Prescaler=240-1
Mcu.UserConstants=
Dma.MEMTOMEM.7.Polarity=HAL_DMAMUX_REQ_GEN_RISING
RCC.DIVP3Freq_Value=160000000
RCC.SDMMCFreq_Value=160000000
TIM15.Prescaler=240-1
SH.GPXTI13.ConfNb=1
Mcu.ThirdPartyNb=0
RCC.HCLKFreq_Value=240000000
Mcu.IPNb=15
ProjectManager.PreviousToolchain=
TIM3.Period=625-1
RCC.SPDIFRXFreq_Value=160000000
Dma.UART4_RX.2.RequestNumber=1
Dma.MEMTOMEM.8.Instance=DMA2_Stream5
Dma.UART4_RX.2.MemDataAlignment=DMA_MDATAALIGN_BYTE
Dma.MEMTOMEM.7.Mode=DMA_NORMAL
Mcu.Pin6=PB0
Mcu.Pin7=PE10
NVIC.DMA2_Stream0_IRQn=true\:0\:0\:false\:false\:true\:false\:true
Mcu.Pin8=PE11
Mcu.Pin9=PE12
Dma.UART4_TX.3.EventEnable=DISABLE
Mcu.Pin0=PE6
Dma.MEMTOMEM.7.MemDataAlignment=DMA_MDATAALIGN_BYTE
Mcu.Pin1=PC14-OSC32_IN (OSC32_IN)
TIM3.Channel-PWM\ Generation1\ CH1=TIM_CHANNEL_1
GPIO.groupedBy=Group By Peripherals
Mcu.Pin2=PC15-OSC32_OUT (OSC32_OUT)
RCC.HRTIMFreq_Value=240000000
Mcu.Pin3=PH0-OSC_IN (PH0)
PD10.GPIOParameters=GPIO_Label,PinAttribute
Mcu.Pin4=PH1-OSC_OUT (PH1)
Mcu.Pin5=PA6
Dma.MEMTOMEM.4.Priority=DMA_PRIORITY_LOW
PH1-OSC_OUT\ (PH1).Mode=HSE-External-Oscillator
RCC.DIVR3Freq_Value=480000000
RCC.HSE_VALUE=48000000
Dma.USART3_RX.0.MemDataAlignment=DMA_MDATAALIGN_BYTE
NVIC.DebugMonitor_IRQn=true\:0\:0\:false\:false\:true\:false\:false
Dma.USART3_TX.1.Mode=DMA_NORMAL
Mcu.IP10=TIM5
NVIC.SysTick_IRQn=true\:0\:0\:false\:false\:true\:false\:true
Mcu.IP12=TIM15
RCC.RCC_MCO1Source=RCC_MCO1SOURCE_HSI
Mcu.IP11=TIM12
Dma.USART3_RX.0.SyncSignalID=NONE
Dma.MEMTOMEM.8.Direction=DMA_MEMORY_TO_MEMORY
RCC.LPTIM2CLockSelection=RCC_LPTIM2CLKSOURCE_D3PCLK1
Dma.UART4_RX.2.EventEnable=DISABLE
RCC.DIVP1Freq_Value=480000000
Mcu.IP14=USART3
Mcu.IP13=UART4
PE13.Signal=GPXTI13
PD0.PinAttribute=Free
RCC.PLL1_VCI_Range-AdvancedSettings=RCC_PLL1VCIRANGE_0
TIM3.Prescaler=240-1
Dma.MEMTOMEM.7.MemBurst=DMA_MBURST_SINGLE
File.Version=6
Dma.USART3_RX.0.PeriphDataAlignment=DMA_PDATAALIGN_BYTE
PB7.Signal=GPXTI7
Dma.USART3_RX.0.FIFOMode=DMA_FIFOMODE_DISABLE
PB8.Locked=true
VP_TIM12_VS_ClockSourceINT.Mode=Internal
SH.S_TIM3_CH1.0=TIM3_CH1,PWM Generation1 CH1
PD10.PinAttribute=Free
PE6.GPIOParameters=GPIO_Label
Dma.RequestsNb=9
PB6.GPIOParameters=GPIO_Label
PB0.Locked=true
Dma.UART4_RX.2.RequestParameters=Instance,Direction,PeriphInc,MemInc,PeriphDataAlignment,MemDataAlignment,Mode,Priority,FIFOMode,SignalID,Polarity,RequestNumber,SyncSignalID,SyncPolarity,SyncEnable,EventEnable,SyncRequestNumber
Dma.MEMTOMEM.8.SyncSignalID=NONE
ProjectManager.ProjectName=STM32H743ZI2_Module8-9
RCC.FLatency-AdvancedSettings=FLASH_LATENCY_1
Dma.UART4_RX.2.Instance=DMA2_Stream0
RCC.APB3Freq_Value=120000000
Dma.MEMTOMEM.5.PeriphInc=DMA_PINC_ENABLE
PB7.GPIO_Label=LM3
Dma.USART3_RX.0.Direction=DMA_PERIPH_TO_MEMORY
PA6.Signal=S_TIM3_CH1
RCC.SAI4ACLockSelection=RCC_SAI4ACLKSOURCE_PLL
Dma.MEMTOMEM.8.Priority=DMA_PRIORITY_LOW
RCC.D1PPRE=RCC_APB3_DIV2
TIM1.Pulse-PWM\ Generation2\ CH2=313
Dma.MEMTOMEM.5.MemDataAlignment=DMA_MDATAALIGN_BYTE
Dma.MEMTOMEM.5.PeriphBurst=DMA_PBURST_SINGLE
ProjectManager.ToolChainLocation=
RCC.LSI_VALUE=32000
Dma.MEMTOMEM.7.Instance=DMA2_Stream4
Dma.MEMTOMEM.7.PeriphBurst=DMA_PBURST_SINGLE
RCC.DSIFreq_Value=96000000
Dma.UART4_RX.2.PeriphDataAlignment=DMA_PDATAALIGN_BYTE
RCC.DIVR1Freq_Value=480000000
Dma.USART3_RX.0.MemInc=DMA_MINC_ENABLE
Dma.UART4_RX.2.FIFOMode=DMA_FIFOMODE_DISABLE
PB5.GPIO_Label=DIR_3
Dma.Request2=UART4_RX
Dma.Request1=USART3_TX
Dma.Request4=MEMTOMEM
Dma.Request3=UART4_TX
Dma.Request6=MEMTOMEM
Dma.Request5=MEMTOMEM
SPI3.IPParameters=VirtualType,Mode,Direction,CalculateBaudRate
Dma.Request8=MEMTOMEM
Dma.Request7=MEMTOMEM
Dma.UART4_TX.3.RequestParameters=Instance,Direction,PeriphInc,MemInc,PeriphDataAlignment,MemDataAlignment,Mode,Priority,FIFOMode,SignalID,Polarity,RequestNumber,SyncSignalID,SyncPolarity,SyncEnable,EventEnable,SyncRequestNumber
Dma.MEMTOMEM.7.PeriphDataAlignment=DMA_PDATAALIGN_BYTE
Dma.MEMTOMEM.4.FIFOMode=DMA_FIFOMODE_ENABLE
Dma.Request0=USART3_RX
Dma.USART3_RX.0.RequestParameters=Instance,Direction,PeriphInc,MemInc,PeriphDataAlignment,MemDataAlignment,Mode,Priority,FIFOMode,SignalID,Polarity,RequestNumber,SyncSignalID,SyncPolarity,SyncEnable,EventEnable,SyncRequestNumber
Dma.MEMTOMEM.4.MemInc=DMA_MINC_ENABLE
PE12.Locked=true
VP_TIM3_VS_ClockSourceINT.Mode=Internal
Dma.MEMTOMEM.4.Instance=DMA1_Stream3
Dma.MEMTOMEM.6.SyncEnable=DISABLE
RCC.Tim2OutputFreq_Value=240000000
Dma.MEMTOMEM.6.Polarity=HAL_DMAMUX_REQ_GEN_RISING
RCC.DFSDMACLkFreq_Value=160000000
TIM4.AutoReloadPreload=TIM_AUTORELOAD_PRELOAD_ENABLE
PB8.GPIOParameters=GPIO_Label
Dma.MEMTOMEM.8.RequestParameters=Instance,Direction,PeriphInc,MemInc,PeriphDataAlignment,MemDataAlignment,Mode,Priority,FIFOMode,FIFOThreshold,MemBurst,PeriphBurst,SignalID,Polarity,RequestNumber,SyncSignalID,SyncPolarity,SyncEnable,EventEnable,SyncRequestNumber
PE14.GPIOParameters=GPIO_Label
PB9.GPIO_Label=DIR_4
Dma.USART3_RX.0.SyncRequestNumber=1
PC9.GPIO_Label=SPI3_CS
ProjectManager.NoMain=false
Dma.MEMTOMEM.7.RequestParameters=Instance,Direction,PeriphInc,MemInc,PeriphDataAlignment,MemDataAlignment,Mode,Priority,FIFOMode,FIFOThreshold,MemBurst,PeriphBurst,SignalID,Polarity,RequestNumber,SyncSignalID,SyncPolarity,SyncEnable,EventEnable,SyncRequestNumber
RCC.SAI4BCLockSelection=RCC_SAI4BCLKSOURCE_PLL
Dma.MEMTOMEM.7.SignalID=NONE
PC11.Signal=SPI3_MISO
RCC.DSITX_Div=4
RCC.SAI4BFreq_Value=160000000
PC10.Mode=Full_Duplex_Master
Dma.UART4_RX.2.Priority=DMA_PRIORITY_LOW
RCC.D2PPRE2=RCC_APB2_DIV2
Dma.MEMTOMEM.7.Priority=DMA_PRIORITY_LOW
RCC.D2PPRE1=RCC_APB1_DIV2
RCC.EXTERNAL_CLOCK_VALUE=12288000
ProjectManager.DefaultFWLocation=true
PE14.GPIO_Label=DIR_1
PD9.Signal=USART3_RX
Dma.MEMTOMEM.5.Direction=DMA_MEMORY_TO_MEMORY
NVIC.DMA1_Stream1_IRQn=true\:0\:0\:false\:false\:true\:false\:true
Dma.MEMTOMEM.6.FIFOThreshold=DMA_FIFO_THRESHOLD_FULL
ProjectManager.DeletePrevious=true
Dma.MEMTOMEM.5.SyncSignalID=NONE
PB10.Locked=true
Dma.MEMTOMEM.6.SyncSignalID=NONE
RCC.Cortex_DivARG=SystemCoreClock/1000
boardIOC=true
Dma.UART4_RX.2.MemInc=DMA_MINC_ENABLE
RCC.FamilyName=M
PH1-OSC_OUT\ (PH1).Signal=RCC_OSC_OUT
Dma.USART3_RX.0.Mode=DMA_NORMAL
Dma.UART4_TX.3.SyncEnable=DISABLE
PE15.GPIOParameters=GPIO_Label
PB9.GPIOParameters=GPIO_Label
PC14-OSC32_IN\ (OSC32_IN).Locked=true
Dma.UART4_RX.2.SignalID=NONE
RCC.DSITXEscFreq_Value=20000000
RCC.SPI6Freq_Value=120000000
SH.GPXTI6.0=GPIO_EXTI6
RCC.SPI45Freq_Value=120000000
PE15.GPIO_Label=DIR_5
Dma.UART4_RX.2.SyncRequestNumber=1
VP_TIM4_VS_ClockSourceINT.Signal=TIM4_VS_ClockSourceINT
ProjectManager.TargetToolchain=STM32CubeIDE
PC15-OSC32_OUT\ (OSC32_OUT).Signal=RCC_OSC32_OUT
PB10.GPIO_Label=STEP_2
RCC.VCO1OutputFreq_Value=960000000
Dma.MEMTOMEM.5.FIFOThreshold=DMA_FIFO_THRESHOLD_FULL
Dma.USART3_TX.1.RequestParameters=Instance,Direction,PeriphInc,MemInc,PeriphDataAlignment,MemDataAlignment,Mode,Priority,FIFOMode,SignalID,Polarity,RequestNumber,SyncSignalID,SyncPolarity,SyncEnable,EventEnable,SyncRequestNumber
Dma.UART4_TX.3.Mode=DMA_NORMAL
NVIC.TIM8_BRK_TIM12_IRQn=true\:0\:0\:false\:false\:true\:true\:true
RCC.SPI6CLockSelection=RCC_SPI6CLKSOURCE_D3PCLK1
PB7.GPIOParameters=GPIO_Label
SH.S_TIM4_CH3.0=TIM4_CH3,PWM Generation3 CH3
Dma.UART4_TX.3.Polarity=HAL_DMAMUX_REQ_GEN_RISING
RCC.AXIClockFreq_Value=240000000
RCC.LPTIM1CLockSelection=RCC_LPTIM1CLKSOURCE_D2PCLK1
SH.GPXTI12.ConfNb=1
Dma.MEMTOMEM.6.RequestParameters=Instance,Direction,PeriphInc,MemInc,PeriphDataAlignment,MemDataAlignment,Mode,Priority,FIFOMode,FIFOThreshold,MemBurst,PeriphBurst,SignalID,Polarity,RequestNumber,SyncSignalID,SyncPolarity,SyncEnable,EventEnable,SyncRequestNumber
ProjectManager.RegisterCallBack=
RCC.SWPCLockSelection=RCC_SWPMI1CLKSOURCE_D2PCLK1
RCC.USBFreq_Value=160000000
Dma.MEMTOMEM.4.Direction=DMA_MEMORY_TO_MEMORY
PD10.GPIO_Label=USB_OTG_FS_PWR_EN
VP_TIM3_VS_ClockSourceINT.Signal=TIM3_VS_ClockSourceINT
TIM4.Prescaler=240-1
PE11.Signal=S_TIM1_CH2
Dma.MEMTOMEM.5.MemBurst=DMA_MBURST_SINGLE
TIM15.IPParameters=Channel-PWM Generation2 CH2,Prescaler,Period,Pulse-PWM Generation2 CH2
RCC.CKPERFreq_Value=64000000
SH.S_TIM1_CH2.ConfNb=1
Dma.UART4_RX.2.SyncSignalID=NONE
SH.S_TIM4_CH3.ConfNb=1
Dma.MEMTOMEM.7.Direction=DMA_MEMORY_TO_MEMORY
PG14.Signal=GPXTI14
Dma.UART4_TX.3.MemDataAlignment=DMA_MDATAALIGN_BYTE
PH1-OSC_OUT\ (PH1).Locked=true
board=NUCLEO-H743ZI2
Dma.MEMTOMEM.4.SignalID=NONE
RCC.VCOInput1Freq_Value=16000000
Dma.MEMTOMEM.6.Instance=DMA2_Stream3
RCC.APB2Freq_Value=120000000
SPI3.CalculateBaudRate=80.0 MBits/s
MxCube.Version=6.2.1
SH.S_TIM1_CH2.0=TIM1_CH2,PWM Generation2 CH2
VP_TIM2_VS_ClockSourceINT.Mode=Internal
SH.S_TIM2_CH3.0=TIM2_CH3,PWM Generation3 CH3
Dma.MEMTOMEM.7.FIFOThreshold=DMA_FIFO_THRESHOLD_FULL
RCC.FDCANFreq_Value=160000000
RCC.PLLDSINDIV=20
RCC.ADCFreq_Value=160000000
VP_SYS_VS_Systick.Mode=SysTick
TIM2.Channel-PWM\ Generation3\ CH3=TIM_CHANNEL_3
Dma.UART4_TX.3.PeriphInc=DMA_PINC_DISABLE
RCC.PLLDSIODF=DSI_PLL_OUT_DIV1
RCC.CSI_VALUE=4000000
Dma.UART4_TX.3.Instance=DMA2_Stream1
Dma.MEMTOMEM.8.SyncPolarity=HAL_DMAMUX_SYNC_NO_EVENT
PE6.Signal=S_TIM15_CH2
RCC.PLLDSIMult=2
RCC.IPParameters=ADCCLockSelection,ADCFreq_Value,AHB12Freq_Value,AHB4Freq_Value,APB1Freq_Value,APB2Freq_Value,APB3Freq_Value,APB4Freq_Value,AXIClockFreq_Value,CECCLockSelection,CECFreq_Value,CKPERFreq_Value,CKPERSourceSelection,CSI_VALUE,CortexFreq_Value,Cortex_DivARG,CpuClockFreq_Value,D1CPREFreq_Value,D1PPRE,D2PPRE1,D2PPRE2,D3PPRE,DFSDMACLkFreq_Value,DFSDMCLockSelection,DFSDMFreq_Value,DIVM1,DIVM2,DIVM3,DIVN1,DIVN2,DIVN3,DIVP1Freq_Value,DIVP2,DIVP2Freq_Value,DIVP3,DIVP3Freq_Value,DIVQ1,DIVQ1Freq_Value,DIVQ2,DIVQ2Freq_Value,DIVQ3,DIVQ3Freq_Value,DIVR1Freq_Value,DIVR2Freq_Value,DIVR3Freq_Value,DSICLockSelection,DSIFreq_Value,DSIPHYCLKFreq_Value,DSIPHY_Div,DSITXEscFreq_Value,DSITX_Div,DSI_PHY_VALUE,EXTERNAL_CLOCK_VALUE,FDCANCLockSelection,FDCANFreq_Value,FLatency-AdvancedSettings,FMCCLockSelection,FMCFreq_Value,FamilyName,HCLK3ClockFreq_Value,HCLKFreq_Value,HPRE,HRTIMFreq_Value,HSE_VALUE,HSI_VALUE,I2C123CLockSelection,I2C123Freq_Value,I2C4CLockSelection,I2C4Freq_Value,LPTIM1CLockSelection,LPTIM1Freq_Value,LPTIM2CLockSelection,LPTIM2Freq_Value,LPTIM345CLockSelection,LPTIM345Freq_Value,LPUART1CLockSelection,LPUART1Freq_Value,LSI_VALUE,LTDCFreq_Value,MCO1PinFreq_Value,MCO2PinFreq_Value,PLL1_VCI_Range-AdvancedSettings,PLL1_VCO_SEL-AdvancedSettings,PLL2_VCI_Range-AdvancedSettings,PLL2_VCO_SEL-AdvancedSettings,PLL3_VCI_Range-AdvancedSettings,PLL3_VCO_SEL-AdvancedSettings,PLLDSIDev,PLLDSIFreq_Value,PLLDSIIDF,PLLDSIMult,PLLDSINDIV,PLLDSIODF,PLLDSIVCOFreq_Value,PLLFRACN,QSPICLockSelection,QSPIFreq_Value,RC48_VALUE,RCC_MCO1Source,RCC_MCO2Source,RNGCLockSelection,RNGFreq_Value,RTCFreq_Value,SAI1CLockSelection,SAI1Freq_Value,SAI23CLockSelection,SAI23Freq_Value,SAI4ACLockSelection,SAI4AFreq_Value,SAI4BCLockSelection,SAI4BFreq_Value,SDMMCFreq_Value,SPDIFCLockSelection,SPDIFRXFreq_Value,SPI123CLockSelection,SPI123Freq_Value,SPI45Freq_Value,SPI6CLockSelection,SPI6Freq_Value,SWPCLockSelection,SWPMI1Freq_Value,SYSCLKFreq_VALUE,SYSCLKSource,Spi45ClockSelection,Tim1OutputFreq_Value,Tim2OutputFreq_Value,TraceFreq_Value,USART16CLockSelection,USART16Freq_Value,USART234578CLockSelection,USART234578Freq_Value,USBCLockSelection,USBFreq_Value,VCO1OutputFreq_Value,VCO2OutputFreq_Value,VCO3OutputFreq_Value,VCOInput1Freq_Value,VCOInput2Freq_Value,VCOInput3Freq_Value,WatchDogFreq_Value
PE11.Locked=true
ProjectManager.AskForMigrate=true
Mcu.Name=STM32H743ZITx
PD0.Mode=Asynchronous
RCC.PLL3_VCI_Range-AdvancedSettings=RCC_PLL3VCIRANGE_3
PE12.Signal=GPXTI12
Dma.MEMTOMEM.5.MemInc=DMA_MINC_ENABLE
Dma.UART4_TX.3.MemInc=DMA_MINC_ENABLE
Dma.MEMTOMEM.5.Mode=DMA_NORMAL
Dma.USART3_TX.1.SyncEnable=DISABLE
Dma.MEMTOMEM.7.SyncSignalID=NONE
Mcu.IP8=TIM3
Mcu.IP9=TIM4
Mcu.IP6=TIM1
Dma.USART3_RX.0.RequestNumber=1
Mcu.IP7=TIM2
ProjectManager.CoupleFile=false
RCC.PLL3_VCO_SEL-AdvancedSettings=RCC_PLL3VCOWIDE
RCC.SYSCLKFreq_VALUE=480000000
Dma.USART3_RX.0.Priority=DMA_PRIORITY_MEDIUM
RCC.I2C123Freq_Value=120000000
KeepUserPlacement=false
TIM5.Prescaler=240-1
PC14-OSC32_IN\ (OSC32_IN).Signal=RCC_OSC32_IN
Dma.MEMTOMEM.6.MemDataAlignment=DMA_MDATAALIGN_BYTE
Dma.MEMTOMEM.7.SyncEnable=DISABLE
RCC.QSPICLockSelection=RCC_QSPICLKSOURCE_D1HCLK
VP_TIM15_VS_ClockSourceINT.Mode=Internal
Dma.MEMTOMEM.4.Polarity=HAL_DMAMUX_REQ_GEN_RISING
NVIC.EXTI9_5_IRQn=true\:3\:0\:true\:false\:true\:true\:true
Dma.USART3_RX.0.SignalID=NONE
Dma.USART3_TX.1.Polarity=HAL_DMAMUX_REQ_GEN_RISING
RCC.HSI_VALUE=64000000
RCC.SAI4AFreq_Value=160000000
Dma.MEMTOMEM.4.PeriphBurst=DMA_PBURST_SINGLE
Dma.USART3_TX.1.Direction=DMA_MEMORY_TO_PERIPH
Dma.MEMTOMEM.6.Direction=DMA_MEMORY_TO_MEMORY
PB7.Locked=true
RCC.DIVQ1Freq_Value=160000000
PB8.Signal=S_TIM4_CH3
RCC.D3PPRE=RCC_APB4_DIV2
TIM5.Period=500-1
PC9.Signal=GPIO_Output
RCC.VCOInput2Freq_Value=16000000
RCC.APB1Freq_Value=120000000
Dma.UART4_RX.2.Polarity=HAL_DMAMUX_REQ_GEN_RISING
PB11.Locked=true
ProjectManager.DeviceId=STM32H743ZITx
RCC.USART16CLockSelection=RCC_USART16CLKSOURCE_D2PCLK2
ProjectManager.LibraryCopy=1
PE1.GPIOParameters=GPIO_Label,PinAttribute
PA6.Locked=true
isbadioc=false
